
Microsoft Visual Studio Solution File, Format Version 12.00
# Visual Studio Version 17
VisualStudioVersion = 17.7.34024.191
MinimumVisualStudioVersion = 10.0.40219.1
Project("{FAE04EC0-301F-11D3-BF4B-00C04F79EFBC}") = "MyNotifications", "MyNotifications\MyNotifications.csproj", "{53527B23-8E21-4DA5-80C6-062B76489AF1}"
EndProject
Project("{FAE04EC0-301F-11D3-BF4B-00C04F79EFBC}") = "EntitiesForBankApp", "EntitiesForBankApp\EntitiesForBankApp.csproj", "{251D61C6-E48D-41CC-8A60-34F71DE82AE1}"
EndProject
Project("{FAE04EC0-301F-11D3-BF4B-00C04F79EFBC}") = "MarshalsExceptions", "Marshal'sExceptions\MarshalsExceptions.csproj", "{58C0363C-2EE3-4706-979A-73389276DFAE}"
EndProject
Project("{2150E333-8FDC-42A3-9474-1A3956D46DE8}") = "Solution Items", "Solution Items", "{B5A1224B-4AFD-4282-8662-8B9833ED5050}"
	ProjectSection(SolutionItems) = preProject
		Scema.sql = Scema.sql
	EndProjectSection
EndProject
Project("{FAE04EC0-301F-11D3-BF4B-00C04F79EFBC}") = "Repositories", "Repositories\Repositories.csproj", "{5F932CE6-4EF0-4BD3-8A58-46DBE534E42B}"
EndProject
Project("{FAE04EC0-301F-11D3-BF4B-00C04F79EFBC}") = "WpfUI", "WpfUI\WpfUI.csproj", "{D2FBB709-2191-4662-80FC-76BF16A51F85}"
EndProject
Project("{FAE04EC0-301F-11D3-BF4B-00C04F79EFBC}") = "Business", "Business\Business.csproj", "{14F2E2B0-B9DA-404A-A47B-2B3D209012C2}"
EndProject
Global
	GlobalSection(SolutionConfigurationPlatforms) = preSolution
		Debug|Any CPU = Debug|Any CPU
		Release|Any CPU = Release|Any CPU
	EndGlobalSection
	GlobalSection(ProjectConfigurationPlatforms) = postSolution
		{53527B23-8E21-4DA5-80C6-062B76489AF1}.Debug|Any CPU.ActiveCfg = Debug|Any CPU
		{53527B23-8E21-4DA5-80C6-062B76489AF1}.Debug|Any CPU.Build.0 = Debug|Any CPU
		{53527B23-8E21-4DA5-80C6-062B76489AF1}.Release|Any CPU.ActiveCfg = Release|Any CPU
		{53527B23-8E21-4DA5-80C6-062B76489AF1}.Release|Any CPU.Build.0 = Release|Any CPU
		{251D61C6-E48D-41CC-8A60-34F71DE82AE1}.Debug|Any CPU.ActiveCfg = Debug|Any CPU
		{251D61C6-E48D-41CC-8A60-34F71DE82AE1}.Debug|Any CPU.Build.0 = Debug|Any CPU
		{251D61C6-E48D-41CC-8A60-34F71DE82AE1}.Release|Any CPU.ActiveCfg = Release|Any CPU
		{251D61C6-E48D-41CC-8A60-34F71DE82AE1}.Release|Any CPU.Build.0 = Release|Any CPU
		{58C0363C-2EE3-4706-979A-73389276DFAE}.Debug|Any CPU.ActiveCfg = Debug|Any CPU
		{58C0363C-2EE3-4706-979A-73389276DFAE}.Debug|Any CPU.Build.0 = Debug|Any CPU
		{58C0363C-2EE3-4706-979A-73389276DFAE}.Release|Any CPU.ActiveCfg = Release|Any CPU
		{58C0363C-2EE3-4706-979A-73389276DFAE}.Release|Any CPU.Build.0 = Release|Any CPU
		{5F932CE6-4EF0-4BD3-8A58-46DBE534E42B}.Debug|Any CPU.ActiveCfg = Debug|Any CPU
		{5F932CE6-4EF0-4BD3-8A58-46DBE534E42B}.Debug|Any CPU.Build.0 = Debug|Any CPU
		{5F932CE6-4EF0-4BD3-8A58-46DBE534E42B}.Release|Any CPU.ActiveCfg = Release|Any CPU
		{5F932CE6-4EF0-4BD3-8A58-46DBE534E42B}.Release|Any CPU.Build.0 = Release|Any CPU
		{D2FBB709-2191-4662-80FC-76BF16A51F85}.Debug|Any CPU.ActiveCfg = Debug|Any CPU
		{D2FBB709-2191-4662-80FC-76BF16A51F85}.Debug|Any CPU.Build.0 = Debug|Any CPU
		{D2FBB709-2191-4662-80FC-76BF16A51F85}.Release|Any CPU.ActiveCfg = Release|Any CPU
		{D2FBB709-2191-4662-80FC-76BF16A51F85}.Release|Any CPU.Build.0 = Release|Any CPU
		{14F2E2B0-B9DA-404A-A47B-2B3D209012C2}.Debug|Any CPU.ActiveCfg = Debug|Any CPU
		{14F2E2B0-B9DA-404A-A47B-2B3D209012C2}.Debug|Any CPU.Build.0 = Debug|Any CPU
		{14F2E2B0-B9DA-404A-A47B-2B3D209012C2}.Release|Any CPU.ActiveCfg = Release|Any CPU
		{14F2E2B0-B9DA-404A-A47B-2B3D209012C2}.Release|Any CPU.Build.0 = Release|Any CPU
	EndGlobalSection
	GlobalSection(SolutionProperties) = preSolution
		HideSolutionNode = FALSE
	EndGlobalSection
	GlobalSection(ExtensibilityGlobals) = postSolution
		SolutionGuid = {DCB4414E-C504-4CC2-BEE1-B39F5598403D}
	EndGlobalSection
EndGlobal
